// !$*UTF8*$!
{
	archiveVersion = 1;
	classes = {
	};
	objectVersion = 46;
	objects = {

/* Begin PBXBuildFile section */
		040D468D1C4A11B20034F413 /* main.m in Sources */ = {isa = PBXBuildFile; fileRef = 040D468C1C4A11B20034F413 /* main.m */; };
		040D46981C4A15CC0034F413 /* main.m in Sources */ = {isa = PBXBuildFile; fileRef = 040D46971C4A15CC0034F413 /* main.m */; };
		040D469E1C4A15EA0034F413 /* Dog.m in Sources */ = {isa = PBXBuildFile; fileRef = 040D469D1C4A15EA0034F413 /* Dog.m */; };
		040D46A61C4A1AB40034F413 /* main.m in Sources */ = {isa = PBXBuildFile; fileRef = 040D46A51C4A1AB40034F413 /* main.m */; };
		040D46B01C4A1C5F0034F413 /* Dog.m in Sources */ = {isa = PBXBuildFile; fileRef = 040D46AF1C4A1C5F0034F413 /* Dog.m */; };
		040D46B81C4A1F600034F413 /* main.m in Sources */ = {isa = PBXBuildFile; fileRef = 040D46B71C4A1F600034F413 /* main.m */; };
		040D46BE1C4A1F8E0034F413 /* VarArgs.m in Sources */ = {isa = PBXBuildFile; fileRef = 040D46BD1C4A1F8E0034F413 /* VarArgs.m */; };
		040D46C61C4A264E0034F413 /* main.m in Sources */ = {isa = PBXBuildFile; fileRef = 040D46C51C4A264E0034F413 /* main.m */; };
		040D46CC1C4A265C0034F413 /* Dog.m in Sources */ = {isa = PBXBuildFile; fileRef = 040D46CB1C4A265C0034F413 /* Dog.m */; };
		040D46D41C4A29520034F413 /* main.m in Sources */ = {isa = PBXBuildFile; fileRef = 040D46D31C4A29520034F413 /* main.m */; };
		040D46DA1C4A29810034F413 /* Person.m in Sources */ = {isa = PBXBuildFile; fileRef = 040D46D91C4A29810034F413 /* Person.m */; };
		043A55611C4A2E6B005BF3EC /* main.m in Sources */ = {isa = PBXBuildFile; fileRef = 040D46E11C4A2BBF0034F413 /* main.m */; };
		043A55621C4A2E95005BF3EC /* SingletonModel.m in Sources */ = {isa = PBXBuildFile; fileRef = 040D46E71C4A2C610034F413 /* SingletonModel.m */; };
		043A556A1C4A2F3E005BF3EC /* main.m in Sources */ = {isa = PBXBuildFile; fileRef = 043A55691C4A2F3E005BF3EC /* main.m */; };
		043A55701C4A3107005BF3EC /* Person.m in Sources */ = {isa = PBXBuildFile; fileRef = 043A556F1C4A3107005BF3EC /* Person.m */; };
		043A55781C4A3530005BF3EC /* main.m in Sources */ = {isa = PBXBuildFile; fileRef = 043A55771C4A3530005BF3EC /* main.m */; };
		043A557E1C4A353B005BF3EC /* Person.m in Sources */ = {isa = PBXBuildFile; fileRef = 043A557D1C4A353B005BF3EC /* Person.m */; };
		043A55861C4A3BB0005BF3EC /* main.m in Sources */ = {isa = PBXBuildFile; fileRef = 043A55851C4A3BB0005BF3EC /* main.m */; };
		043A558C1C4A3BC1005BF3EC /* Person.m in Sources */ = {isa = PBXBuildFile; fileRef = 043A558B1C4A3BC1005BF3EC /* Person.m */; };
		043A55941C4A3F31005BF3EC /* main.m in Sources */ = {isa = PBXBuildFile; fileRef = 043A55931C4A3F31005BF3EC /* main.m */; settings = {COMPILER_FLAGS = "-fno-objc-arc"; }; };
		043A559A1C4A3F3D005BF3EC /* Dog.m in Sources */ = {isa = PBXBuildFile; fileRef = 043A55991C4A3F3D005BF3EC /* Dog.m */; settings = {COMPILER_FLAGS = "-fno-objc-arc"; }; };
		043A55A31C4A57D3005BF3EC /* main.m in Sources */ = {isa = PBXBuildFile; fileRef = 043A55A21C4A57D3005BF3EC /* main.m */; };
		043A55A91C4A57E0005BF3EC /* Cat.m in Sources */ = {isa = PBXBuildFile; fileRef = 043A55A81C4A57E0005BF3EC /* Cat.m */; };
		043A55AC1C4A5E14005BF3EC /* Animal.m in Sources */ = {isa = PBXBuildFile; fileRef = 043A55AB1C4A5E14005BF3EC /* Animal.m */; };
		043A55B41C4A6E91005BF3EC /* main.m in Sources */ = {isa = PBXBuildFile; fileRef = 043A55B31C4A6E91005BF3EC /* main.m */; };
		043A55BA1C4A72DE005BF3EC /* ItemView.m in Sources */ = {isa = PBXBuildFile; fileRef = 043A55B91C4A72DE005BF3EC /* ItemView.m */; };
		043A55BD1C4A72E7005BF3EC /* Item.m in Sources */ = {isa = PBXBuildFile; fileRef = 043A55BC1C4A72E7005BF3EC /* Item.m */; };
		044977D51C4B2FF30026C119 /* main.m in Sources */ = {isa = PBXBuildFile; fileRef = 044977D41C4B2FF30026C119 /* main.m */; };
		044977DB1C4B30D10026C119 /* Animal.m in Sources */ = {isa = PBXBuildFile; fileRef = 044977DA1C4B30D10026C119 /* Animal.m */; };
		044977DE1C4B30DA0026C119 /* Cat.m in Sources */ = {isa = PBXBuildFile; fileRef = 044977DD1C4B30DA0026C119 /* Cat.m */; };
		044977E11C4B33760026C119 /* Dog.m in Sources */ = {isa = PBXBuildFile; fileRef = 044977E01C4B33760026C119 /* Dog.m */; };
		04B55F3B1C4916BA004FEFE5 /* main.m in Sources */ = {isa = PBXBuildFile; fileRef = 04B55F3A1C4916BA004FEFE5 /* main.m */; };
/* End PBXBuildFile section */

/* Begin PBXBuildRule section */
		043A559B1C4A4003005BF3EC /* PBXBuildRule */ = {
			isa = PBXBuildRule;
			compilerSpec = com.apple.compilers.proxy.script;
			fileType = sourcecode.asm;
			isEditable = 1;
			outputFiles = (
			);
			script = "# <com.apple.compilers.gcc>\n";
		};
/* End PBXBuildRule section */

/* Begin PBXCopyFilesBuildPhase section */
		040D46881C4A11B20034F413 /* CopyFiles */ = {
			isa = PBXCopyFilesBuildPhase;
			buildActionMask = 2147483647;
			dstPath = /usr/share/man/man1/;
			dstSubfolderSpec = 0;
			files = (
			);
			runOnlyForDeploymentPostprocessing = 1;
		};
		040D46931C4A15CC0034F413 /* CopyFiles */ = {
			isa = PBXCopyFilesBuildPhase;
			buildActionMask = 2147483647;
			dstPath = /usr/share/man/man1/;
			dstSubfolderSpec = 0;
			files = (
			);
			runOnlyForDeploymentPostprocessing = 1;
		};
		040D46A11C4A1AB40034F413 /* CopyFiles */ = {
			isa = PBXCopyFilesBuildPhase;
			buildActionMask = 2147483647;
			dstPath = /usr/share/man/man1/;
			dstSubfolderSpec = 0;
			files = (
			);
			runOnlyForDeploymentPostprocessing = 1;
		};
		040D46B31C4A1F600034F413 /* CopyFiles */ = {
			isa = PBXCopyFilesBuildPhase;
			buildActionMask = 2147483647;
			dstPath = /usr/share/man/man1/;
			dstSubfolderSpec = 0;
			files = (
			);
			runOnlyForDeploymentPostprocessing = 1;
		};
		040D46C11C4A264E0034F413 /* CopyFiles */ = {
			isa = PBXCopyFilesBuildPhase;
			buildActionMask = 2147483647;
			dstPath = /usr/share/man/man1/;
			dstSubfolderSpec = 0;
			files = (
			);
			runOnlyForDeploymentPostprocessing = 1;
		};
		040D46CF1C4A29520034F413 /* CopyFiles */ = {
			isa = PBXCopyFilesBuildPhase;
			buildActionMask = 2147483647;
			dstPath = /usr/share/man/man1/;
			dstSubfolderSpec = 0;
			files = (
			);
			runOnlyForDeploymentPostprocessing = 1;
		};
		040D46DD1C4A2BBF0034F413 /* CopyFiles */ = {
			isa = PBXCopyFilesBuildPhase;
			buildActionMask = 2147483647;
			dstPath = /usr/share/man/man1/;
			dstSubfolderSpec = 0;
			files = (
			);
			runOnlyForDeploymentPostprocessing = 1;
		};
		043A55651C4A2F3E005BF3EC /* CopyFiles */ = {
			isa = PBXCopyFilesBuildPhase;
			buildActionMask = 2147483647;
			dstPath = /usr/share/man/man1/;
			dstSubfolderSpec = 0;
			files = (
			);
			runOnlyForDeploymentPostprocessing = 1;
		};
		043A55731C4A3530005BF3EC /* CopyFiles */ = {
			isa = PBXCopyFilesBuildPhase;
			buildActionMask = 2147483647;
			dstPath = /usr/share/man/man1/;
			dstSubfolderSpec = 0;
			files = (
			);
			runOnlyForDeploymentPostprocessing = 1;
		};
		043A55811C4A3BB0005BF3EC /* CopyFiles */ = {
			isa = PBXCopyFilesBuildPhase;
			buildActionMask = 2147483647;
			dstPath = /usr/share/man/man1/;
			dstSubfolderSpec = 0;
			files = (
			);
			runOnlyForDeploymentPostprocessing = 1;
		};
		043A558F1C4A3F31005BF3EC /* CopyFiles */ = {
			isa = PBXCopyFilesBuildPhase;
			buildActionMask = 2147483647;
			dstPath = /usr/share/man/man1/;
			dstSubfolderSpec = 0;
			files = (
			);
			runOnlyForDeploymentPostprocessing = 1;
		};
		043A559E1C4A57D3005BF3EC /* CopyFiles */ = {
			isa = PBXCopyFilesBuildPhase;
			buildActionMask = 2147483647;
			dstPath = /usr/share/man/man1/;
			dstSubfolderSpec = 0;
			files = (
			);
			runOnlyForDeploymentPostprocessing = 1;
		};
		043A55AF1C4A6E91005BF3EC /* CopyFiles */ = {
			isa = PBXCopyFilesBuildPhase;
			buildActionMask = 2147483647;
			dstPath = /usr/share/man/man1/;
			dstSubfolderSpec = 0;
			files = (
			);
			runOnlyForDeploymentPostprocessing = 1;
		};
		044977D01C4B2FF30026C119 /* CopyFiles */ = {
			isa = PBXCopyFilesBuildPhase;
			buildActionMask = 2147483647;
			dstPath = /usr/share/man/man1/;
			dstSubfolderSpec = 0;
			files = (
			);
			runOnlyForDeploymentPostprocessing = 1;
		};
		04B55F351C4916BA004FEFE5 /* CopyFiles */ = {
			isa = PBXCopyFilesBuildPhase;
			buildActionMask = 2147483647;
			dstPath = /usr/share/man/man1/;
			dstSubfolderSpec = 0;
			files = (
			);
			runOnlyForDeploymentPostprocessing = 1;
		};
/* End PBXCopyFilesBuildPhase section */

/* Begin PBXFileReference section */
		040D468A1C4A11B20034F413 /* 对象和指针 */ = {isa = PBXFileReference; explicitFileType = "compiled.mach-o.executable"; includeInIndex = 0; path = "对象和指针"; sourceTree = BUILT_PRODUCTS_DIR; };
		040D468C1C4A11B20034F413 /* main.m */ = {isa = PBXFileReference; lastKnownFileType = sourcecode.c.objc; path = main.m; sourceTree = "<group>"; };
		040D46951C4A15CC0034F413 /* self keyword */ = {isa = PBXFileReference; explicitFileType = "compiled.mach-o.executable"; includeInIndex = 0; path = "self keyword"; sourceTree = BUILT_PRODUCTS_DIR; };
		040D46971C4A15CC0034F413 /* main.m */ = {isa = PBXFileReference; lastKnownFileType = sourcecode.c.objc; path = main.m; sourceTree = "<group>"; };
		040D469C1C4A15EA0034F413 /* Dog.h */ = {isa = PBXFileReference; fileEncoding = 4; lastKnownFileType = sourcecode.c.h; path = Dog.h; sourceTree = "<group>"; };
		040D469D1C4A15EA0034F413 /* Dog.m */ = {isa = PBXFileReference; fileEncoding = 4; lastKnownFileType = sourcecode.c.objc; path = Dog.m; sourceTree = "<group>"; };
		040D46A31C4A1AB40034F413 /* id type */ = {isa = PBXFileReference; explicitFileType = "compiled.mach-o.executable"; includeInIndex = 0; path = "id type"; sourceTree = BUILT_PRODUCTS_DIR; };
		040D46A51C4A1AB40034F413 /* main.m */ = {isa = PBXFileReference; lastKnownFileType = sourcecode.c.objc; path = main.m; sourceTree = "<group>"; };
		040D46AE1C4A1C5F0034F413 /* Dog.h */ = {isa = PBXFileReference; fileEncoding = 4; lastKnownFileType = sourcecode.c.h; path = Dog.h; sourceTree = "<group>"; };
		040D46AF1C4A1C5F0034F413 /* Dog.m */ = {isa = PBXFileReference; fileEncoding = 4; lastKnownFileType = sourcecode.c.objc; path = Dog.m; sourceTree = "<group>"; };
		040D46B51C4A1F600034F413 /* *形参个数可变的method */ = {isa = PBXFileReference; explicitFileType = "compiled.mach-o.executable"; includeInIndex = 0; path = "*形参个数可变的method"; sourceTree = BUILT_PRODUCTS_DIR; };
		040D46B71C4A1F600034F413 /* main.m */ = {isa = PBXFileReference; lastKnownFileType = sourcecode.c.objc; path = main.m; sourceTree = "<group>"; };
		040D46BC1C4A1F8E0034F413 /* VarArgs.h */ = {isa = PBXFileReference; fileEncoding = 4; lastKnownFileType = sourcecode.c.h; path = VarArgs.h; sourceTree = "<group>"; };
		040D46BD1C4A1F8E0034F413 /* VarArgs.m */ = {isa = PBXFileReference; fileEncoding = 4; lastKnownFileType = sourcecode.c.objc; path = VarArgs.m; sourceTree = "<group>"; };
		040D46C31C4A264E0034F413 /* 成员变量 */ = {isa = PBXFileReference; explicitFileType = "compiled.mach-o.executable"; includeInIndex = 0; path = "成员变量"; sourceTree = BUILT_PRODUCTS_DIR; };
		040D46C51C4A264E0034F413 /* main.m */ = {isa = PBXFileReference; lastKnownFileType = sourcecode.c.objc; path = main.m; sourceTree = "<group>"; };
		040D46CA1C4A265C0034F413 /* Dog.h */ = {isa = PBXFileReference; fileEncoding = 4; lastKnownFileType = sourcecode.c.h; path = Dog.h; sourceTree = "<group>"; };
		040D46CB1C4A265C0034F413 /* Dog.m */ = {isa = PBXFileReference; fileEncoding = 4; lastKnownFileType = sourcecode.c.objc; path = Dog.m; sourceTree = "<group>"; };
		040D46D11C4A29520034F413 /* *模拟成员变量 */ = {isa = PBXFileReference; explicitFileType = "compiled.mach-o.executable"; includeInIndex = 0; path = "*模拟成员变量"; sourceTree = BUILT_PRODUCTS_DIR; };
		040D46D31C4A29520034F413 /* main.m */ = {isa = PBXFileReference; lastKnownFileType = sourcecode.c.objc; path = main.m; sourceTree = "<group>"; };
		040D46D81C4A29810034F413 /* Person.h */ = {isa = PBXFileReference; fileEncoding = 4; lastKnownFileType = sourcecode.c.h; path = Person.h; sourceTree = "<group>"; };
		040D46D91C4A29810034F413 /* Person.m */ = {isa = PBXFileReference; fileEncoding = 4; lastKnownFileType = sourcecode.c.objc; path = Person.m; sourceTree = "<group>"; };
		040D46DF1C4A2BBF0034F413 /* *单例(Singleton)模式 */ = {isa = PBXFileReference; explicitFileType = "compiled.mach-o.executable"; includeInIndex = 0; path = "*单例(Singleton)模式"; sourceTree = BUILT_PRODUCTS_DIR; };
		040D46E11C4A2BBF0034F413 /* main.m */ = {isa = PBXFileReference; lastKnownFileType = sourcecode.c.objc; path = main.m; sourceTree = "<group>"; };
		040D46E61C4A2C610034F413 /* SingletonModel.h */ = {isa = PBXFileReference; fileEncoding = 4; lastKnownFileType = sourcecode.c.h; path = SingletonModel.h; sourceTree = "<group>"; };
		040D46E71C4A2C610034F413 /* SingletonModel.m */ = {isa = PBXFileReference; fileEncoding = 4; lastKnownFileType = sourcecode.c.objc; path = SingletonModel.m; sourceTree = "<group>"; };
		043A55671C4A2F3E005BF3EC /* 封装 */ = {isa = PBXFileReference; explicitFileType = "compiled.mach-o.executable"; includeInIndex = 0; path = "封装"; sourceTree = BUILT_PRODUCTS_DIR; };
		043A55691C4A2F3E005BF3EC /* main.m */ = {isa = PBXFileReference; lastKnownFileType = sourcecode.c.objc; path = main.m; sourceTree = "<group>"; };
		043A556E1C4A3107005BF3EC /* Person.h */ = {isa = PBXFileReference; fileEncoding = 4; lastKnownFileType = sourcecode.c.h; path = Person.h; sourceTree = "<group>"; };
		043A556F1C4A3107005BF3EC /* Person.m */ = {isa = PBXFileReference; fileEncoding = 4; lastKnownFileType = sourcecode.c.objc; path = Person.m; sourceTree = "<group>"; };
		043A55751C4A3530005BF3EC /* 合成存取方法(setter getter) */ = {isa = PBXFileReference; explicitFileType = "compiled.mach-o.executable"; includeInIndex = 0; path = "合成存取方法(setter getter)"; sourceTree = BUILT_PRODUCTS_DIR; };
		043A55771C4A3530005BF3EC /* main.m */ = {isa = PBXFileReference; lastKnownFileType = sourcecode.c.objc; path = main.m; sourceTree = "<group>"; };
		043A557C1C4A353B005BF3EC /* Person.h */ = {isa = PBXFileReference; fileEncoding = 4; lastKnownFileType = sourcecode.c.h; path = Person.h; sourceTree = "<group>"; };
		043A557D1C4A353B005BF3EC /* Person.m */ = {isa = PBXFileReference; fileEncoding = 4; lastKnownFileType = sourcecode.c.objc; path = Person.m; sourceTree = "<group>"; };
		043A55831C4A3BB0005BF3EC /* @property可以添加的几个参数 */ = {isa = PBXFileReference; explicitFileType = "compiled.mach-o.executable"; includeInIndex = 0; path = "@property可以添加的几个参数"; sourceTree = BUILT_PRODUCTS_DIR; };
		043A55851C4A3BB0005BF3EC /* main.m */ = {isa = PBXFileReference; lastKnownFileType = sourcecode.c.objc; path = main.m; sourceTree = "<group>"; };
		043A558A1C4A3BC1005BF3EC /* Person.h */ = {isa = PBXFileReference; fileEncoding = 4; lastKnownFileType = sourcecode.c.h; path = Person.h; sourceTree = "<group>"; };
		043A558B1C4A3BC1005BF3EC /* Person.m */ = {isa = PBXFileReference; fileEncoding = 4; lastKnownFileType = sourcecode.c.objc; path = Person.m; sourceTree = "<group>"; };
		043A55911C4A3F31005BF3EC /* @peoperty中retain的使用 */ = {isa = PBXFileReference; explicitFileType = "compiled.mach-o.executable"; includeInIndex = 0; path = "@peoperty中retain的使用"; sourceTree = BUILT_PRODUCTS_DIR; };
		043A55931C4A3F31005BF3EC /* main.m */ = {isa = PBXFileReference; lastKnownFileType = sourcecode.c.objc; path = main.m; sourceTree = "<group>"; };
		043A55981C4A3F3D005BF3EC /* Dog.h */ = {isa = PBXFileReference; fileEncoding = 4; lastKnownFileType = sourcecode.c.h; path = Dog.h; sourceTree = "<group>"; };
		043A55991C4A3F3D005BF3EC /* Dog.m */ = {isa = PBXFileReference; fileEncoding = 4; lastKnownFileType = sourcecode.c.objc; path = Dog.m; sourceTree = "<group>"; };
		043A55A01C4A57D3005BF3EC /* KVC和KVO的使用 */ = {isa = PBXFileReference; explicitFileType = "compiled.mach-o.executable"; includeInIndex = 0; path = "KVC和KVO的使用"; sourceTree = BUILT_PRODUCTS_DIR; };
		043A55A21C4A57D3005BF3EC /* main.m */ = {isa = PBXFileReference; lastKnownFileType = sourcecode.c.objc; path = main.m; sourceTree = "<group>"; };
		043A55A71C4A57E0005BF3EC /* Cat.h */ = {isa = PBXFileReference; fileEncoding = 4; lastKnownFileType = sourcecode.c.h; path = Cat.h; sourceTree = "<group>"; };
		043A55A81C4A57E0005BF3EC /* Cat.m */ = {isa = PBXFileReference; fileEncoding = 4; lastKnownFileType = sourcecode.c.objc; path = Cat.m; sourceTree = "<group>"; };
		043A55AA1C4A5E14005BF3EC /* Animal.h */ = {isa = PBXFileReference; fileEncoding = 4; lastKnownFileType = sourcecode.c.h; path = Animal.h; sourceTree = "<group>"; };
		043A55AB1C4A5E14005BF3EC /* Animal.m */ = {isa = PBXFileReference; fileEncoding = 4; lastKnownFileType = sourcecode.c.objc; path = Animal.m; sourceTree = "<group>"; };
		043A55B11C4A6E91005BF3EC /* KVO键值监听 */ = {isa = PBXFileReference; explicitFileType = "compiled.mach-o.executable"; includeInIndex = 0; path = "KVO键值监听"; sourceTree = BUILT_PRODUCTS_DIR; };
		043A55B31C4A6E91005BF3EC /* main.m */ = {isa = PBXFileReference; lastKnownFileType = sourcecode.c.objc; path = main.m; sourceTree = "<group>"; };
		043A55B81C4A72DE005BF3EC /* ItemView.h */ = {isa = PBXFileReference; fileEncoding = 4; lastKnownFileType = sourcecode.c.h; path = ItemView.h; sourceTree = "<group>"; };
		043A55B91C4A72DE005BF3EC /* ItemView.m */ = {isa = PBXFileReference; fileEncoding = 4; lastKnownFileType = sourcecode.c.objc; path = ItemView.m; sourceTree = "<group>"; };
		043A55BB1C4A72E7005BF3EC /* Item.h */ = {isa = PBXFileReference; fileEncoding = 4; lastKnownFileType = sourcecode.c.h; path = Item.h; sourceTree = "<group>"; };
		043A55BC1C4A72E7005BF3EC /* Item.m */ = {isa = PBXFileReference; fileEncoding = 4; lastKnownFileType = sourcecode.c.objc; path = Item.m; sourceTree = "<group>"; };
		044977D21C4B2FF30026C119 /* initBasicClass */ = {isa = PBXFileReference; explicitFileType = "compiled.mach-o.executable"; includeInIndex = 0; path = initBasicClass; sourceTree = BUILT_PRODUCTS_DIR; };
		044977D41C4B2FF30026C119 /* main.m */ = {isa = PBXFileReference; lastKnownFileType = sourcecode.c.objc; path = main.m; sourceTree = "<group>"; };
		044977D91C4B30D10026C119 /* Animal.h */ = {isa = PBXFileReference; fileEncoding = 4; lastKnownFileType = sourcecode.c.h; path = Animal.h; sourceTree = "<group>"; };
		044977DA1C4B30D10026C119 /* Animal.m */ = {isa = PBXFileReference; fileEncoding = 4; lastKnownFileType = sourcecode.c.objc; path = Animal.m; sourceTree = "<group>"; };
		044977DC1C4B30DA0026C119 /* Cat.h */ = {isa = PBXFileReference; fileEncoding = 4; lastKnownFileType = sourcecode.c.h; path = Cat.h; sourceTree = "<group>"; };
		044977DD1C4B30DA0026C119 /* Cat.m */ = {isa = PBXFileReference; fileEncoding = 4; lastKnownFileType = sourcecode.c.objc; path = Cat.m; sourceTree = "<group>"; };
		044977DF1C4B33760026C119 /* Dog.h */ = {isa = PBXFileReference; fileEncoding = 4; lastKnownFileType = sourcecode.c.h; path = Dog.h; sourceTree = "<group>"; };
		044977E01C4B33760026C119 /* Dog.m */ = {isa = PBXFileReference; fileEncoding = 4; lastKnownFileType = sourcecode.c.objc; path = Dog.m; sourceTree = "<group>"; };
		04B55F371C4916BA004FEFE5 /* 面对对象-类和对象 */ = {isa = PBXFileReference; explicitFileType = "compiled.mach-o.executable"; includeInIndex = 0; path = "面对对象-类和对象"; sourceTree = BUILT_PRODUCTS_DIR; };
		04B55F3A1C4916BA004FEFE5 /* main.m */ = {isa = PBXFileReference; lastKnownFileType = sourcecode.c.objc; path = main.m; sourceTree = "<group>"; };
/* End PBXFileReference section */

/* Begin PBXFrameworksBuildPhase section */
		040D46871C4A11B20034F413 /* Frameworks */ = {
			isa = PBXFrameworksBuildPhase;
			buildActionMask = 2147483647;
			files = (
			);
			runOnlyForDeploymentPostprocessing = 0;
		};
		040D46921C4A15CC0034F413 /* Frameworks */ = {
			isa = PBXFrameworksBuildPhase;
			buildActionMask = 2147483647;
			files = (
			);
			runOnlyForDeploymentPostprocessing = 0;
		};
		040D46A01C4A1AB40034F413 /* Frameworks */ = {
			isa = PBXFrameworksBuildPhase;
			buildActionMask = 2147483647;
			files = (
			);
			runOnlyForDeploymentPostprocessing = 0;
		};
		040D46B21C4A1F600034F413 /* Frameworks */ = {
			isa = PBXFrameworksBuildPhase;
			buildActionMask = 2147483647;
			files = (
			);
			runOnlyForDeploymentPostprocessing = 0;
		};
		040D46C01C4A264E0034F413 /* Frameworks */ = {
			isa = PBXFrameworksBuildPhase;
			buildActionMask = 2147483647;
			files = (
			);
			runOnlyForDeploymentPostprocessing = 0;
		};
		040D46CE1C4A29520034F413 /* Frameworks */ = {
			isa = PBXFrameworksBuildPhase;
			buildActionMask = 2147483647;
			files = (
			);
			runOnlyForDeploymentPostprocessing = 0;
		};
		040D46DC1C4A2BBF0034F413 /* Frameworks */ = {
			isa = PBXFrameworksBuildPhase;
			buildActionMask = 2147483647;
			files = (
			);
			runOnlyForDeploymentPostprocessing = 0;
		};
		043A55641C4A2F3E005BF3EC /* Frameworks */ = {
			isa = PBXFrameworksBuildPhase;
			buildActionMask = 2147483647;
			files = (
			);
			runOnlyForDeploymentPostprocessing = 0;
		};
		043A55721C4A3530005BF3EC /* Frameworks */ = {
			isa = PBXFrameworksBuildPhase;
			buildActionMask = 2147483647;
			files = (
			);
			runOnlyForDeploymentPostprocessing = 0;
		};
		043A55801C4A3BB0005BF3EC /* Frameworks */ = {
			isa = PBXFrameworksBuildPhase;
			buildActionMask = 2147483647;
			files = (
			);
			runOnlyForDeploymentPostprocessing = 0;
		};
		043A558E1C4A3F31005BF3EC /* Frameworks */ = {
			isa = PBXFrameworksBuildPhase;
			buildActionMask = 2147483647;
			files = (
			);
			runOnlyForDeploymentPostprocessing = 0;
		};
		043A559D1C4A57D3005BF3EC /* Frameworks */ = {
			isa = PBXFrameworksBuildPhase;
			buildActionMask = 2147483647;
			files = (
			);
			runOnlyForDeploymentPostprocessing = 0;
		};
		043A55AE1C4A6E91005BF3EC /* Frameworks */ = {
			isa = PBXFrameworksBuildPhase;
			buildActionMask = 2147483647;
			files = (
			);
			runOnlyForDeploymentPostprocessing = 0;
		};
		044977CF1C4B2FF30026C119 /* Frameworks */ = {
			isa = PBXFrameworksBuildPhase;
			buildActionMask = 2147483647;
			files = (
			);
			runOnlyForDeploymentPostprocessing = 0;
		};
		04B55F341C4916BA004FEFE5 /* Frameworks */ = {
			isa = PBXFrameworksBuildPhase;
			buildActionMask = 2147483647;
			files = (
			);
			runOnlyForDeploymentPostprocessing = 0;
		};
/* End PBXFrameworksBuildPhase section */

/* Begin PBXGroup section */
		040D468B1C4A11B20034F413 /* 对象和指针 */ = {
			isa = PBXGroup;
			children = (
				040D468C1C4A11B20034F413 /* main.m */,
			);
			path = "对象和指针";
			sourceTree = "<group>";
		};
		040D46961C4A15CC0034F413 /* self keyword */ = {
			isa = PBXGroup;
			children = (
				040D469C1C4A15EA0034F413 /* Dog.h */,
				040D469D1C4A15EA0034F413 /* Dog.m */,
				040D46971C4A15CC0034F413 /* main.m */,
			);
			path = "self keyword";
			sourceTree = "<group>";
		};
		040D46A41C4A1AB40034F413 /* id type */ = {
			isa = PBXGroup;
			children = (
				040D46AE1C4A1C5F0034F413 /* Dog.h */,
				040D46AF1C4A1C5F0034F413 /* Dog.m */,
				040D46A51C4A1AB40034F413 /* main.m */,
			);
			path = "id type";
			sourceTree = "<group>";
		};
		040D46B61C4A1F600034F413 /* *形参个数可变的method */ = {
			isa = PBXGroup;
			children = (
				040D46BC1C4A1F8E0034F413 /* VarArgs.h */,
				040D46BD1C4A1F8E0034F413 /* VarArgs.m */,
				040D46B71C4A1F600034F413 /* main.m */,
			);
			path = "*形参个数可变的method";
			sourceTree = "<group>";
		};
		040D46C41C4A264E0034F413 /* 成员变量 */ = {
			isa = PBXGroup;
			children = (
				040D46CA1C4A265C0034F413 /* Dog.h */,
				040D46CB1C4A265C0034F413 /* Dog.m */,
				040D46C51C4A264E0034F413 /* main.m */,
			);
			path = "成员变量";
			sourceTree = "<group>";
		};
		040D46D21C4A29520034F413 /* *模拟类变量 */ = {
			isa = PBXGroup;
			children = (
				040D46D81C4A29810034F413 /* Person.h */,
				040D46D91C4A29810034F413 /* Person.m */,
				040D46D31C4A29520034F413 /* main.m */,
			);
			name = "*模拟类变量";
			path = "*模拟成员变量";
			sourceTree = "<group>";
		};
		040D46E01C4A2BBF0034F413 /* *单例(Singleton)模式 */ = {
			isa = PBXGroup;
			children = (
				040D46E61C4A2C610034F413 /* SingletonModel.h */,
				040D46E71C4A2C610034F413 /* SingletonModel.m */,
				040D46E11C4A2BBF0034F413 /* main.m */,
			);
			name = "*单例(Singleton)模式";
			path = "单例(Singleton)模式";
			sourceTree = "<group>";
		};
		043A55681C4A2F3E005BF3EC /* 封装 */ = {
			isa = PBXGroup;
			children = (
				043A556E1C4A3107005BF3EC /* Person.h */,
				043A556F1C4A3107005BF3EC /* Person.m */,
				043A55691C4A2F3E005BF3EC /* main.m */,
			);
			path = "封装";
			sourceTree = "<group>";
		};
		043A55761C4A3530005BF3EC /* 合成存取方法(setter getter) */ = {
			isa = PBXGroup;
			children = (
				043A557C1C4A353B005BF3EC /* Person.h */,
				043A557D1C4A353B005BF3EC /* Person.m */,
				043A55771C4A3530005BF3EC /* main.m */,
			);
			path = "合成存取方法(setter getter)";
			sourceTree = "<group>";
		};
		043A55841C4A3BB0005BF3EC /* @property可以添加的几个参数 */ = {
			isa = PBXGroup;
			children = (
				043A558A1C4A3BC1005BF3EC /* Person.h */,
				043A558B1C4A3BC1005BF3EC /* Person.m */,
				043A55851C4A3BB0005BF3EC /* main.m */,
			);
			path = "@property可以添加的几个参数";
			sourceTree = "<group>";
		};
		043A55921C4A3F31005BF3EC /* @peoperty中retain的使用 */ = {
			isa = PBXGroup;
			children = (
				043A55981C4A3F3D005BF3EC /* Dog.h */,
				043A55991C4A3F3D005BF3EC /* Dog.m */,
				043A55931C4A3F31005BF3EC /* main.m */,
			);
			path = "@peoperty中retain的使用";
			sourceTree = "<group>";
		};
		043A55A11C4A57D3005BF3EC /* KVC和KVO的使用 */ = {
			isa = PBXGroup;
			children = (
				043A55AA1C4A5E14005BF3EC /* Animal.h */,
				043A55AB1C4A5E14005BF3EC /* Animal.m */,
				043A55A71C4A57E0005BF3EC /* Cat.h */,
				043A55A81C4A57E0005BF3EC /* Cat.m */,
				043A55A21C4A57D3005BF3EC /* main.m */,
			);
			path = "KVC和KVO的使用";
			sourceTree = "<group>";
		};
		043A55B21C4A6E91005BF3EC /* KVO键值监听 */ = {
			isa = PBXGroup;
			children = (
				043A55BB1C4A72E7005BF3EC /* Item.h */,
				043A55BC1C4A72E7005BF3EC /* Item.m */,
				043A55B81C4A72DE005BF3EC /* ItemView.h */,
				043A55B91C4A72DE005BF3EC /* ItemView.m */,
				043A55B31C4A6E91005BF3EC /* main.m */,
			);
			path = "KVO键值监听";
			sourceTree = "<group>";
		};
		044977D31C4B2FF30026C119 /* initBasicClass */ = {
			isa = PBXGroup;
			children = (
				044977D91C4B30D10026C119 /* Animal.h */,
				044977DA1C4B30D10026C119 /* Animal.m */,
				044977DC1C4B30DA0026C119 /* Cat.h */,
				044977DD1C4B30DA0026C119 /* Cat.m */,
				044977DF1C4B33760026C119 /* Dog.h */,
				044977E01C4B33760026C119 /* Dog.m */,
				044977D41C4B2FF30026C119 /* main.m */,
			);
			path = initBasicClass;
			sourceTree = "<group>";
		};
		04B55F2E1C4916BA004FEFE5 = {
			isa = PBXGroup;
			children = (
				04B55F391C4916BA004FEFE5 /* 面对对象-类和对象 */,
				040D468B1C4A11B20034F413 /* 对象和指针 */,
				040D46961C4A15CC0034F413 /* self keyword */,
				040D46A41C4A1AB40034F413 /* id type */,
				040D46B61C4A1F600034F413 /* *形参个数可变的method */,
				040D46C41C4A264E0034F413 /* 成员变量 */,
				040D46D21C4A29520034F413 /* *模拟类变量 */,
				040D46E01C4A2BBF0034F413 /* *单例(Singleton)模式 */,
				043A55681C4A2F3E005BF3EC /* 封装 */,
				043A55761C4A3530005BF3EC /* 合成存取方法(setter getter) */,
				043A55841C4A3BB0005BF3EC /* @property可以添加的几个参数 */,
				043A55921C4A3F31005BF3EC /* @peoperty中retain的使用 */,
				043A55A11C4A57D3005BF3EC /* KVC和KVO的使用 */,
				043A55B21C4A6E91005BF3EC /* KVO键值监听 */,
				044977D31C4B2FF30026C119 /* initBasicClass */,
				04B55F381C4916BA004FEFE5 /* Products */,
			);
			sourceTree = "<group>";
		};
		04B55F381C4916BA004FEFE5 /* Products */ = {
			isa = PBXGroup;
			children = (
				04B55F371C4916BA004FEFE5 /* 面对对象-类和对象 */,
				040D468A1C4A11B20034F413 /* 对象和指针 */,
				040D46951C4A15CC0034F413 /* self keyword */,
				040D46A31C4A1AB40034F413 /* id type */,
				040D46B51C4A1F600034F413 /* *形参个数可变的method */,
				040D46C31C4A264E0034F413 /* 成员变量 */,
				040D46D11C4A29520034F413 /* *模拟成员变量 */,
				040D46DF1C4A2BBF0034F413 /* *单例(Singleton)模式 */,
				043A55671C4A2F3E005BF3EC /* 封装 */,
				043A55751C4A3530005BF3EC /* 合成存取方法(setter getter) */,
				043A55831C4A3BB0005BF3EC /* @property可以添加的几个参数 */,
				043A55911C4A3F31005BF3EC /* @peoperty中retain的使用 */,
				043A55A01C4A57D3005BF3EC /* KVC和KVO的使用 */,
				043A55B11C4A6E91005BF3EC /* KVO键值监听 */,
				044977D21C4B2FF30026C119 /* initBasicClass */,
			);
			name = Products;
			sourceTree = "<group>";
		};
		04B55F391C4916BA004FEFE5 /* 面对对象-类和对象 */ = {
			isa = PBXGroup;
			children = (
				04B55F3A1C4916BA004FEFE5 /* main.m */,
			);
			path = "面对对象-类和对象";
			sourceTree = "<group>";
		};
/* End PBXGroup section */

/* Begin PBXNativeTarget section */
		040D46891C4A11B20034F413 /* 对象和指针 */ = {
			isa = PBXNativeTarget;
			buildConfigurationList = 040D46901C4A11B20034F413 /* Build configuration list for PBXNativeTarget "对象和指针" */;
			buildPhases = (
				040D46861C4A11B20034F413 /* Sources */,
				040D46871C4A11B20034F413 /* Frameworks */,
				040D46881C4A11B20034F413 /* CopyFiles */,
			);
			buildRules = (
			);
			dependencies = (
			);
			name = "对象和指针";
			productName = "对象和指针";
			productReference = 040D468A1C4A11B20034F413 /* 对象和指针 */;
			productType = "com.apple.product-type.tool";
		};
		040D46941C4A15CC0034F413 /* self keyword */ = {
			isa = PBXNativeTarget;
			buildConfigurationList = 040D46991C4A15CC0034F413 /* Build configuration list for PBXNativeTarget "self keyword" */;
			buildPhases = (
				040D46911C4A15CC0034F413 /* Sources */,
				040D46921C4A15CC0034F413 /* Frameworks */,
				040D46931C4A15CC0034F413 /* CopyFiles */,
			);
			buildRules = (
			);
			dependencies = (
			);
			name = "self keyword";
			productName = "self keyword";
			productReference = 040D46951C4A15CC0034F413 /* self keyword */;
			productType = "com.apple.product-type.tool";
		};
		040D46A21C4A1AB40034F413 /* id type */ = {
			isa = PBXNativeTarget;
			buildConfigurationList = 040D46A71C4A1AB40034F413 /* Build configuration list for PBXNativeTarget "id type" */;
			buildPhases = (
				040D469F1C4A1AB40034F413 /* Sources */,
				040D46A01C4A1AB40034F413 /* Frameworks */,
				040D46A11C4A1AB40034F413 /* CopyFiles */,
			);
			buildRules = (
			);
			dependencies = (
			);
			name = "id type";
			productName = "id type";
			productReference = 040D46A31C4A1AB40034F413 /* id type */;
			productType = "com.apple.product-type.tool";
		};
		040D46B41C4A1F600034F413 /* *形参个数可变的method */ = {
			isa = PBXNativeTarget;
			buildConfigurationList = 040D46B91C4A1F600034F413 /* Build configuration list for PBXNativeTarget "*形参个数可变的method" */;
			buildPhases = (
				040D46B11C4A1F600034F413 /* Sources */,
				040D46B21C4A1F600034F413 /* Frameworks */,
				040D46B31C4A1F600034F413 /* CopyFiles */,
			);
			buildRules = (
			);
			dependencies = (
			);
			name = "*形参个数可变的method";
			productName = "*形参个数可变的method";
			productReference = 040D46B51C4A1F600034F413 /* *形参个数可变的method */;
			productType = "com.apple.product-type.tool";
		};
		040D46C21C4A264E0034F413 /* 成员变量 */ = {
			isa = PBXNativeTarget;
			buildConfigurationList = 040D46C71C4A264E0034F413 /* Build configuration list for PBXNativeTarget "成员变量" */;
			buildPhases = (
				040D46BF1C4A264E0034F413 /* Sources */,
				040D46C01C4A264E0034F413 /* Frameworks */,
				040D46C11C4A264E0034F413 /* CopyFiles */,
			);
			buildRules = (
			);
			dependencies = (
			);
			name = "成员变量";
			productName = "成员变量";
			productReference = 040D46C31C4A264E0034F413 /* 成员变量 */;
			productType = "com.apple.product-type.tool";
		};
		040D46D01C4A29520034F413 /* *模拟成员变量 */ = {
			isa = PBXNativeTarget;
			buildConfigurationList = 040D46D51C4A29520034F413 /* Build configuration list for PBXNativeTarget "*模拟成员变量" */;
			buildPhases = (
				040D46CD1C4A29520034F413 /* Sources */,
				040D46CE1C4A29520034F413 /* Frameworks */,
				040D46CF1C4A29520034F413 /* CopyFiles */,
			);
			buildRules = (
			);
			dependencies = (
			);
			name = "*模拟成员变量";
			productName = "*模拟成员变量";
			productReference = 040D46D11C4A29520034F413 /* *模拟成员变量 */;
			productType = "com.apple.product-type.tool";
		};
		040D46DE1C4A2BBF0034F413 /* *单例(Singleton)模式 */ = {
			isa = PBXNativeTarget;
			buildConfigurationList = 040D46E31C4A2BBF0034F413 /* Build configuration list for PBXNativeTarget "*单例(Singleton)模式" */;
			buildPhases = (
				040D46DB1C4A2BBF0034F413 /* Sources */,
				040D46DC1C4A2BBF0034F413 /* Frameworks */,
				040D46DD1C4A2BBF0034F413 /* CopyFiles */,
			);
			buildRules = (
			);
			dependencies = (
			);
			name = "*单例(Singleton)模式";
			productName = "单例(Singleton)模式";
			productReference = 040D46DF1C4A2BBF0034F413 /* *单例(Singleton)模式 */;
			productType = "com.apple.product-type.tool";
		};
		043A55661C4A2F3E005BF3EC /* 封装 */ = {
			isa = PBXNativeTarget;
			buildConfigurationList = 043A556B1C4A2F3E005BF3EC /* Build configuration list for PBXNativeTarget "封装" */;
			buildPhases = (
				043A55631C4A2F3E005BF3EC /* Sources */,
				043A55641C4A2F3E005BF3EC /* Frameworks */,
				043A55651C4A2F3E005BF3EC /* CopyFiles */,
			);
			buildRules = (
			);
			dependencies = (
			);
			name = "封装";
			productName = "封装";
			productReference = 043A55671C4A2F3E005BF3EC /* 封装 */;
			productType = "com.apple.product-type.tool";
		};
		043A55741C4A3530005BF3EC /* 合成存取方法(setter getter) */ = {
			isa = PBXNativeTarget;
			buildConfigurationList = 043A55791C4A3530005BF3EC /* Build configuration list for PBXNativeTarget "合成存取方法(setter getter)" */;
			buildPhases = (
				043A55711C4A3530005BF3EC /* Sources */,
				043A55721C4A3530005BF3EC /* Frameworks */,
				043A55731C4A3530005BF3EC /* CopyFiles */,
			);
			buildRules = (
			);
			dependencies = (
			);
			name = "合成存取方法(setter getter)";
			productName = "合成存取方法(setter getter)";
			productReference = 043A55751C4A3530005BF3EC /* 合成存取方法(setter getter) */;
			productType = "com.apple.product-type.tool";
		};
		043A55821C4A3BB0005BF3EC /* @property可以添加的几个参数 */ = {
			isa = PBXNativeTarget;
			buildConfigurationList = 043A55871C4A3BB0005BF3EC /* Build configuration list for PBXNativeTarget "@property可以添加的几个参数" */;
			buildPhases = (
				043A557F1C4A3BB0005BF3EC /* Sources */,
				043A55801C4A3BB0005BF3EC /* Frameworks */,
				043A55811C4A3BB0005BF3EC /* CopyFiles */,
			);
			buildRules = (
			);
			dependencies = (
			);
			name = "@property可以添加的几个参数";
			productName = "@property可以添加的几个参数";
			productReference = 043A55831C4A3BB0005BF3EC /* @property可以添加的几个参数 */;
			productType = "com.apple.product-type.tool";
		};
		043A55901C4A3F31005BF3EC /* @peoperty中retain的使用 */ = {
			isa = PBXNativeTarget;
			buildConfigurationList = 043A55951C4A3F31005BF3EC /* Build configuration list for PBXNativeTarget "@peoperty中retain的使用" */;
			buildPhases = (
				043A558D1C4A3F31005BF3EC /* Sources */,
				043A558E1C4A3F31005BF3EC /* Frameworks */,
				043A558F1C4A3F31005BF3EC /* CopyFiles */,
			);
			buildRules = (
				043A559B1C4A4003005BF3EC /* PBXBuildRule */,
			);
			dependencies = (
			);
			name = "@peoperty中retain的使用";
			productName = "@peoperty中retain的使用";
			productReference = 043A55911C4A3F31005BF3EC /* @peoperty中retain的使用 */;
			productType = "com.apple.product-type.tool";
		};
		043A559F1C4A57D3005BF3EC /* KVC和KVO的使用 */ = {
			isa = PBXNativeTarget;
			buildConfigurationList = 043A55A41C4A57D3005BF3EC /* Build configuration list for PBXNativeTarget "KVC和KVO的使用" */;
			buildPhases = (
				043A559C1C4A57D3005BF3EC /* Sources */,
				043A559D1C4A57D3005BF3EC /* Frameworks */,
				043A559E1C4A57D3005BF3EC /* CopyFiles */,
			);
			buildRules = (
			);
			dependencies = (
			);
			name = "KVC和KVO的使用";
			productName = "KVC和KVO的使用";
			productReference = 043A55A01C4A57D3005BF3EC /* KVC和KVO的使用 */;
			productType = "com.apple.product-type.tool";
		};
		043A55B01C4A6E91005BF3EC /* KVO键值监听 */ = {
			isa = PBXNativeTarget;
			buildConfigurationList = 043A55B51C4A6E91005BF3EC /* Build configuration list for PBXNativeTarget "KVO键值监听" */;
			buildPhases = (
				043A55AD1C4A6E91005BF3EC /* Sources */,
				043A55AE1C4A6E91005BF3EC /* Frameworks */,
				043A55AF1C4A6E91005BF3EC /* CopyFiles */,
			);
			buildRules = (
			);
			dependencies = (
			);
			name = "KVO键值监听";
			productName = "KVO键值监听";
			productReference = 043A55B11C4A6E91005BF3EC /* KVO键值监听 */;
			productType = "com.apple.product-type.tool";
		};
		044977D11C4B2FF30026C119 /* initBasicClass */ = {
			isa = PBXNativeTarget;
			buildConfigurationList = 044977D81C4B2FF30026C119 /* Build configuration list for PBXNativeTarget "initBasicClass" */;
			buildPhases = (
				044977CE1C4B2FF30026C119 /* Sources */,
				044977CF1C4B2FF30026C119 /* Frameworks */,
				044977D01C4B2FF30026C119 /* CopyFiles */,
			);
			buildRules = (
			);
			dependencies = (
			);
			name = initBasicClass;
			productName = initBasicClass;
			productReference = 044977D21C4B2FF30026C119 /* initBasicClass */;
			productType = "com.apple.product-type.tool";
		};
		04B55F361C4916BA004FEFE5 /* 面对对象-类和对象 */ = {
			isa = PBXNativeTarget;
			buildConfigurationList = 04B55F3E1C4916BA004FEFE5 /* Build configuration list for PBXNativeTarget "面对对象-类和对象" */;
			buildPhases = (
				04B55F331C4916BA004FEFE5 /* Sources */,
				04B55F341C4916BA004FEFE5 /* Frameworks */,
				04B55F351C4916BA004FEFE5 /* CopyFiles */,
			);
			buildRules = (
			);
			dependencies = (
			);
			name = "面对对象-类和对象";
			productName = "面对对象-类和对象";
			productReference = 04B55F371C4916BA004FEFE5 /* 面对对象-类和对象 */;
			productType = "com.apple.product-type.tool";
		};
/* End PBXNativeTarget section */

/* Begin PBXProject section */
		04B55F2F1C4916BA004FEFE5 /* Project object */ = {
			isa = PBXProject;
			attributes = {
				LastUpgradeCheck = 0720;
				ORGANIZATIONNAME = SpiColorPendra;
				TargetAttributes = {
					040D46891C4A11B20034F413 = {
						CreatedOnToolsVersion = 7.2;
					};
					040D46941C4A15CC0034F413 = {
						CreatedOnToolsVersion = 7.2;
					};
					040D46A21C4A1AB40034F413 = {
						CreatedOnToolsVersion = 7.2;
					};
					040D46B41C4A1F600034F413 = {
						CreatedOnToolsVersion = 7.2;
					};
					040D46C21C4A264E0034F413 = {
						CreatedOnToolsVersion = 7.2;
					};
					040D46D01C4A29520034F413 = {
						CreatedOnToolsVersion = 7.2;
					};
					040D46DE1C4A2BBF0034F413 = {
						CreatedOnToolsVersion = 7.2;
					};
					043A55661C4A2F3E005BF3EC = {
						CreatedOnToolsVersion = 7.2;
					};
					043A55741C4A3530005BF3EC = {
						CreatedOnToolsVersion = 7.2;
					};
					043A55821C4A3BB0005BF3EC = {
						CreatedOnToolsVersion = 7.2;
					};
					043A55901C4A3F31005BF3EC = {
						CreatedOnToolsVersion = 7.2;
					};
					043A559F1C4A57D3005BF3EC = {
						CreatedOnToolsVersion = 7.2;
					};
					043A55B01C4A6E91005BF3EC = {
						CreatedOnToolsVersion = 7.2;
					};
					044977D11C4B2FF30026C119 = {
						CreatedOnToolsVersion = 7.2;
					};
					04B55F361C4916BA004FEFE5 = {
						CreatedOnToolsVersion = 7.2;
					};
				};
			};
			buildConfigurationList = 04B55F321C4916BA004FEFE5 /* Build configuration list for PBXProject "面对对象-类和对象" */;
			compatibilityVersion = "Xcode 3.2";
			developmentRegion = English;
			hasScannedForEncodings = 0;
			knownRegions = (
				en,
			);
			mainGroup = 04B55F2E1C4916BA004FEFE5;
			productRefGroup = 04B55F381C4916BA004FEFE5 /* Products */;
			projectDirPath = "";
			projectRoot = "";
			targets = (
				04B55F361C4916BA004FEFE5 /* 面对对象-类和对象 */,
				040D46891C4A11B20034F413 /* 对象和指针 */,
				040D46941C4A15CC0034F413 /* self keyword */,
				040D46A21C4A1AB40034F413 /* id type */,
				040D46B41C4A1F600034F413 /* *形参个数可变的method */,
				040D46C21C4A264E0034F413 /* 成员变量 */,
				040D46D01C4A29520034F413 /* *模拟成员变量 */,
				040D46DE1C4A2BBF0034F413 /* *单例(Singleton)模式 */,
				043A55661C4A2F3E005BF3EC /* 封装 */,
				043A55741C4A3530005BF3EC /* 合成存取方法(setter getter) */,
				043A55821C4A3BB0005BF3EC /* @property可以添加的几个参数 */,
				043A55901C4A3F31005BF3EC /* @peoperty中retain的使用 */,
				043A559F1C4A57D3005BF3EC /* KVC和KVO的使用 */,
				043A55B01C4A6E91005BF3EC /* KVO键值监听 */,
				044977D11C4B2FF30026C119 /* initBasicClass */,
			);
		};
/* End PBXProject section */

/* Begin PBXSourcesBuildPhase section */
		040D46861C4A11B20034F413 /* Sources */ = {
			isa = PBXSourcesBuildPhase;
			buildActionMask = 2147483647;
			files = (
				040D468D1C4A11B20034F413 /* main.m in Sources */,
			);
			runOnlyForDeploymentPostprocessing = 0;
		};
		040D46911C4A15CC0034F413 /* Sources */ = {
			isa = PBXSourcesBuildPhase;
			buildActionMask = 2147483647;
			files = (
				040D469E1C4A15EA0034F413 /* Dog.m in Sources */,
				040D46981C4A15CC0034F413 /* main.m in Sources */,
			);
			runOnlyForDeploymentPostprocessing = 0;
		};
		040D469F1C4A1AB40034F413 /* Sources */ = {
			isa = PBXSourcesBuildPhase;
			buildActionMask = 2147483647;
			files = (
				040D46B01C4A1C5F0034F413 /* Dog.m in Sources */,
				040D46A61C4A1AB40034F413 /* main.m in Sources */,
			);
			runOnlyForDeploymentPostprocessing = 0;
		};
		040D46B11C4A1F600034F413 /* Sources */ = {
			isa = PBXSourcesBuildPhase;
			buildActionMask = 2147483647;
			files = (
				040D46BE1C4A1F8E0034F413 /* VarArgs.m in Sources */,
				040D46B81C4A1F600034F413 /* main.m in Sources */,
			);
			runOnlyForDeploymentPostprocessing = 0;
		};
		040D46BF1C4A264E0034F413 /* Sources */ = {
			isa = PBXSourcesBuildPhase;
			buildActionMask = 2147483647;
			files = (
				040D46CC1C4A265C0034F413 /* Dog.m in Sources */,
				040D46C61C4A264E0034F413 /* main.m in Sources */,
			);
			runOnlyForDeploymentPostprocessing = 0;
		};
		040D46CD1C4A29520034F413 /* Sources */ = {
			isa = PBXSourcesBuildPhase;
			buildActionMask = 2147483647;
			files = (
				040D46DA1C4A29810034F413 /* Person.m in Sources */,
				040D46D41C4A29520034F413 /* main.m in Sources */,
			);
			runOnlyForDeploymentPostprocessing = 0;
		};
		040D46DB1C4A2BBF0034F413 /* Sources */ = {
			isa = PBXSourcesBuildPhase;
			buildActionMask = 2147483647;
			files = (
				043A55611C4A2E6B005BF3EC /* main.m in Sources */,
				043A55621C4A2E95005BF3EC /* SingletonModel.m in Sources */,
			);
			runOnlyForDeploymentPostprocessing = 0;
		};
		043A55631C4A2F3E005BF3EC /* Sources */ = {
			isa = PBXSourcesBuildPhase;
			buildActionMask = 2147483647;
			files = (
				043A55701C4A3107005BF3EC /* Person.m in Sources */,
				043A556A1C4A2F3E005BF3EC /* main.m in Sources */,
			);
			runOnlyForDeploymentPostprocessing = 0;
		};
		043A55711C4A3530005BF3EC /* Sources */ = {
			isa = PBXSourcesBuildPhase;
			buildActionMask = 2147483647;
			files = (
				043A557E1C4A353B005BF3EC /* Person.m in Sources */,
				043A55781C4A3530005BF3EC /* main.m in Sources */,
			);
			runOnlyForDeploymentPostprocessing = 0;
		};
		043A557F1C4A3BB0005BF3EC /* Sources */ = {
			isa = PBXSourcesBuildPhase;
			buildActionMask = 2147483647;
			files = (
				043A558C1C4A3BC1005BF3EC /* Person.m in Sources */,
				043A55861C4A3BB0005BF3EC /* main.m in Sources */,
			);
			runOnlyForDeploymentPostprocessing = 0;
		};
		043A558D1C4A3F31005BF3EC /* Sources */ = {
			isa = PBXSourcesBuildPhase;
			buildActionMask = 2147483647;
			files = (
				043A559A1C4A3F3D005BF3EC /* Dog.m in Sources */,
				043A55941C4A3F31005BF3EC /* main.m in Sources */,
			);
			runOnlyForDeploymentPostprocessing = 0;
		};
		043A559C1C4A57D3005BF3EC /* Sources */ = {
			isa = PBXSourcesBuildPhase;
			buildActionMask = 2147483647;
			files = (
				043A55AC1C4A5E14005BF3EC /* Animal.m in Sources */,
				043A55A91C4A57E0005BF3EC /* Cat.m in Sources */,
				043A55A31C4A57D3005BF3EC /* main.m in Sources */,
			);
			runOnlyForDeploymentPostprocessing = 0;
		};
		043A55AD1C4A6E91005BF3EC /* Sources */ = {
			isa = PBXSourcesBuildPhase;
			buildActionMask = 2147483647;
			files = (
				043A55BD1C4A72E7005BF3EC /* Item.m in Sources */,
				043A55B41C4A6E91005BF3EC /* main.m in Sources */,
				043A55BA1C4A72DE005BF3EC /* ItemView.m in Sources */,
			);
			runOnlyForDeploymentPostprocessing = 0;
		};
		044977CE1C4B2FF30026C119 /* Sources */ = {
			isa = PBXSourcesBuildPhase;
			buildActionMask = 2147483647;
			files = (
				044977DE1C4B30DA0026C119 /* Cat.m in Sources */,
				044977D51C4B2FF30026C119 /* main.m in Sources */,
				044977E11C4B33760026C119 /* Dog.m in Sources */,
				044977DB1C4B30D10026C119 /* Animal.m in Sources */,
			);
			runOnlyForDeploymentPostprocessing = 0;
		};
		04B55F331C4916BA004FEFE5 /* Sources */ = {
			isa = PBXSourcesBuildPhase;
			buildActionMask = 2147483647;
			files = (
				04B55F3B1C4916BA004FEFE5 /* main.m in Sources */,
			);
			runOnlyForDeploymentPostprocessing = 0;
		};
/* End PBXSourcesBuildPhase section */

/* Begin XCBuildConfiguration section */
		040D468E1C4A11B20034F413 /* Debug */ = {
			isa = XCBuildConfiguration;
			buildSettings = {
				PRODUCT_NAME = "$(TARGET_NAME)";
			};
			name = Debug;
		};
		040D468F1C4A11B20034F413 /* Release */ = {
			isa = XCBuildConfiguration;
			buildSettings = {
				PRODUCT_NAME = "$(TARGET_NAME)";
			};
			name = Release;
		};
		040D469A1C4A15CC0034F413 /* Debug */ = {
			isa = XCBuildConfiguration;
			buildSettings = {
				PRODUCT_NAME = "$(TARGET_NAME)";
			};
			name = Debug;
		};
		040D469B1C4A15CC0034F413 /* Release */ = {
			isa = XCBuildConfiguration;
			buildSettings = {
				PRODUCT_NAME = "$(TARGET_NAME)";
			};
			name = Release;
		};
		040D46A81C4A1AB40034F413 /* Debug */ = {
			isa = XCBuildConfiguration;
			buildSettings = {
				PRODUCT_NAME = "$(TARGET_NAME)";
			};
			name = Debug;
		};
		040D46A91C4A1AB40034F413 /* Release */ = {
			isa = XCBuildConfiguration;
			buildSettings = {
				PRODUCT_NAME = "$(TARGET_NAME)";
			};
			name = Release;
		};
		040D46BA1C4A1F600034F413 /* Debug */ = {
			isa = XCBuildConfiguration;
			buildSettings = {
				PRODUCT_NAME = "$(TARGET_NAME)";
			};
			name = Debug;
		};
		040D46BB1C4A1F600034F413 /* Release */ = {
			isa = XCBuildConfiguration;
			buildSettings = {
				PRODUCT_NAME = "$(TARGET_NAME)";
			};
			name = Release;
		};
		040D46C81C4A264E0034F413 /* Debug */ = {
			isa = XCBuildConfiguration;
			buildSettings = {
				PRODUCT_NAME = "$(TARGET_NAME)";
			};
			name = Debug;
		};
		040D46C91C4A264E0034F413 /* Release */ = {
			isa = XCBuildConfiguration;
			buildSettings = {
				PRODUCT_NAME = "$(TARGET_NAME)";
			};
			name = Release;
		};
		040D46D61C4A29520034F413 /* Debug */ = {
			isa = XCBuildConfiguration;
			buildSettings = {
				PRODUCT_NAME = "$(TARGET_NAME)";
			};
			name = Debug;
		};
		040D46D71C4A29520034F413 /* Release */ = {
			isa = XCBuildConfiguration;
			buildSettings = {
				PRODUCT_NAME = "$(TARGET_NAME)";
			};
			name = Release;
		};
		040D46E41C4A2BBF0034F413 /* Debug */ = {
			isa = XCBuildConfiguration;
			buildSettings = {
				PRODUCT_NAME = "$(TARGET_NAME)";
			};
			name = Debug;
		};
		040D46E51C4A2BBF0034F413 /* Release */ = {
			isa = XCBuildConfiguration;
			buildSettings = {
				PRODUCT_NAME = "$(TARGET_NAME)";
			};
			name = Release;
		};
		043A556C1C4A2F3E005BF3EC /* Debug */ = {
			isa = XCBuildConfiguration;
			buildSettings = {
				PRODUCT_NAME = "$(TARGET_NAME)";
			};
			name = Debug;
		};
		043A556D1C4A2F3E005BF3EC /* Release */ = {
			isa = XCBuildConfiguration;
			buildSettings = {
				PRODUCT_NAME = "$(TARGET_NAME)";
			};
			name = Release;
		};
		043A557A1C4A3530005BF3EC /* Debug */ = {
			isa = XCBuildConfiguration;
			buildSettings = {
				PRODUCT_NAME = "$(TARGET_NAME)";
			};
			name = Debug;
		};
		043A557B1C4A3530005BF3EC /* Release */ = {
			isa = XCBuildConfiguration;
			buildSettings = {
				PRODUCT_NAME = "$(TARGET_NAME)";
			};
			name = Release;
		};
		043A55881C4A3BB0005BF3EC /* Debug */ = {
			isa = XCBuildConfiguration;
			buildSettings = {
				PRODUCT_NAME = "$(TARGET_NAME)";
			};
			name = Debug;
		};
		043A55891C4A3BB0005BF3EC /* Release */ = {
			isa = XCBuildConfiguration;
			buildSettings = {
				PRODUCT_NAME = "$(TARGET_NAME)";
			};
			name = Release;
		};
		043A55961C4A3F31005BF3EC /* Debug */ = {
			isa = XCBuildConfiguration;
			buildSettings = {
				PRODUCT_NAME = "$(TARGET_NAME)";
			};
			name = Debug;
		};
		043A55971C4A3F31005BF3EC /* Release */ = {
			isa = XCBuildConfiguration;
			buildSettings = {
				PRODUCT_NAME = "$(TARGET_NAME)";
			};
			name = Release;
		};
		043A55A51C4A57D3005BF3EC /* Debug */ = {
			isa = XCBuildConfiguration;
			buildSettings = {
				PRODUCT_NAME = "$(TARGET_NAME)";
			};
			name = Debug;
		};
		043A55A61C4A57D3005BF3EC /* Release */ = {
			isa = XCBuildConfiguration;
			buildSettings = {
				PRODUCT_NAME = "$(TARGET_NAME)";
			};
			name = Release;
		};
		043A55B61C4A6E91005BF3EC /* Debug */ = {
			isa = XCBuildConfiguration;
			buildSettings = {
				PRODUCT_NAME = "$(TARGET_NAME)";
			};
			name = Debug;
		};
		043A55B71C4A6E91005BF3EC /* Release */ = {
			isa = XCBuildConfiguration;
			buildSettings = {
				PRODUCT_NAME = "$(TARGET_NAME)";
			};
			name = Release;
		};
		044977D61C4B2FF30026C119 /* Debug */ = {
			isa = XCBuildConfiguration;
			buildSettings = {
				PRODUCT_NAME = "$(TARGET_NAME)";
			};
			name = Debug;
		};
		044977D71C4B2FF30026C119 /* Release */ = {
			isa = XCBuildConfiguration;
			buildSettings = {
				PRODUCT_NAME = "$(TARGET_NAME)";
			};
			name = Release;
		};
		04B55F3C1C4916BA004FEFE5 /* Debug */ = {
			isa = XCBuildConfiguration;
			buildSettings = {
				ALWAYS_SEARCH_USER_PATHS = NO;
				CLANG_CXX_LANGUAGE_STANDARD = "gnu++0x";
				CLANG_CXX_LIBRARY = "libc++";
				CLANG_ENABLE_MODULES = YES;
				CLANG_ENABLE_OBJC_ARC = YES;
				CLANG_WARN_BOOL_CONVERSION = YES;
				CLANG_WARN_CONSTANT_CONVERSION = YES;
				CLANG_WARN_DIRECT_OBJC_ISA_USAGE = YES_ERROR;
				CLANG_WARN_EMPTY_BODY = YES;
				CLANG_WARN_ENUM_CONVERSION = YES;
				CLANG_WARN_INT_CONVERSION = YES;
				CLANG_WARN_OBJC_ROOT_CLASS = YES_ERROR;
				CLANG_WARN_UNREACHABLE_CODE = YES;
				CLANG_WARN__DUPLICATE_METHOD_MATCH = YES;
				CODE_SIGN_IDENTITY = "-";
				COPY_PHASE_STRIP = NO;
				DEBUG_INFORMATION_FORMAT = dwarf;
				ENABLE_STRICT_OBJC_MSGSEND = YES;
				ENABLE_TESTABILITY = YES;
				GCC_C_LANGUAGE_STANDARD = gnu99;
				GCC_DYNAMIC_NO_PIC = NO;
				GCC_NO_COMMON_BLOCKS = YES;
				GCC_OPTIMIZATION_LEVEL = 0;
				GCC_PREPROCESSOR_DEFINITIONS = (
					"DEBUG=1",
					"$(inherited)",
				);
				GCC_WARN_64_TO_32_BIT_CONVERSION = YES;
				GCC_WARN_ABOUT_RETURN_TYPE = YES_ERROR;
				GCC_WARN_UNDECLARED_SELECTOR = YES;
				GCC_WARN_UNINITIALIZED_AUTOS = YES_AGGRESSIVE;
				GCC_WARN_UNUSED_FUNCTION = YES;
				GCC_WARN_UNUSED_VARIABLE = YES;
				MACOSX_DEPLOYMENT_TARGET = 10.11;
				MTL_ENABLE_DEBUG_INFO = YES;
				ONLY_ACTIVE_ARCH = YES;
				SDKROOT = macosx;
			};
			name = Debug;
		};
		04B55F3D1C4916BA004FEFE5 /* Release */ = {
			isa = XCBuildConfiguration;
			buildSettings = {
				ALWAYS_SEARCH_USER_PATHS = NO;
				CLANG_CXX_LANGUAGE_STANDARD = "gnu++0x";
				CLANG_CXX_LIBRARY = "libc++";
				CLANG_ENABLE_MODULES = YES;
				CLANG_ENABLE_OBJC_ARC = YES;
				CLANG_WARN_BOOL_CONVERSION = YES;
				CLANG_WARN_CONSTANT_CONVERSION = YES;
				CLANG_WARN_DIRECT_OBJC_ISA_USAGE = YES_ERROR;
				CLANG_WARN_EMPTY_BODY = YES;
				CLANG_WARN_ENUM_CONVERSION = YES;
				CLANG_WARN_INT_CONVERSION = YES;
				CLANG_WARN_OBJC_ROOT_CLASS = YES_ERROR;
				CLANG_WARN_UNREACHABLE_CODE = YES;
				CLANG_WARN__DUPLICATE_METHOD_MATCH = YES;
				CODE_SIGN_IDENTITY = "-";
				COPY_PHASE_STRIP = NO;
				DEBUG_INFORMATION_FORMAT = "dwarf-with-dsym";
				ENABLE_NS_ASSERTIONS = NO;
				ENABLE_STRICT_OBJC_MSGSEND = YES;
				GCC_C_LANGUAGE_STANDARD = gnu99;
				GCC_NO_COMMON_BLOCKS = YES;
				GCC_WARN_64_TO_32_BIT_CONVERSION = YES;
				GCC_WARN_ABOUT_RETURN_TYPE = YES_ERROR;
				GCC_WARN_UNDECLARED_SELECTOR = YES;
				GCC_WARN_UNINITIALIZED_AUTOS = YES_AGGRESSIVE;
				GCC_WARN_UNUSED_FUNCTION = YES;
				GCC_WARN_UNUSED_VARIABLE = YES;
				MACOSX_DEPLOYMENT_TARGET = 10.11;
				MTL_ENABLE_DEBUG_INFO = NO;
				SDKROOT = macosx;
			};
			name = Release;
		};
		04B55F3F1C4916BA004FEFE5 /* Debug */ = {
			isa = XCBuildConfiguration;
			buildSettings = {
				PRODUCT_NAME = "$(TARGET_NAME)";
			};
			name = Debug;
		};
		04B55F401C4916BA004FEFE5 /* Release */ = {
			isa = XCBuildConfiguration;
			buildSettings = {
				PRODUCT_NAME = "$(TARGET_NAME)";
			};
			name = Release;
		};
/* End XCBuildConfiguration section */

/* Begin XCConfigurationList section */
		040D46901C4A11B20034F413 /* Build configuration list for PBXNativeTarget "对象和指针" */ = {
			isa = XCConfigurationList;
			buildConfigurations = (
				040D468E1C4A11B20034F413 /* Debug */,
				040D468F1C4A11B20034F413 /* Release */,
			);
			defaultConfigurationIsVisible = 0;
			defaultConfigurationName = Release;
		};
		040D46991C4A15CC0034F413 /* Build configuration list for PBXNativeTarget "self keyword" */ = {
			isa = XCConfigurationList;
			buildConfigurations = (
				040D469A1C4A15CC0034F413 /* Debug */,
				040D469B1C4A15CC0034F413 /* Release */,
			);
			defaultConfigurationIsVisible = 0;
			defaultConfigurationName = Release;
		};
		040D46A71C4A1AB40034F413 /* Build configuration list for PBXNativeTarget "id type" */ = {
			isa = XCConfigurationList;
			buildConfigurations = (
				040D46A81C4A1AB40034F413 /* Debug */,
				040D46A91C4A1AB40034F413 /* Release */,
			);
			defaultConfigurationIsVisible = 0;
			defaultConfigurationName = Release;
		};
		040D46B91C4A1F600034F413 /* Build configuration list for PBXNativeTarget "*形参个数可变的method" */ = {
			isa = XCConfigurationList;
			buildConfigurations = (
				040D46BA1C4A1F600034F413 /* Debug */,
				040D46BB1C4A1F600034F413 /* Release */,
			);
			defaultConfigurationIsVisible = 0;
			defaultConfigurationName = Release;
		};
		040D46C71C4A264E0034F413 /* Build configuration list for PBXNativeTarget "成员变量" */ = {
			isa = XCConfigurationList;
			buildConfigurations = (
				040D46C81C4A264E0034F413 /* Debug */,
				040D46C91C4A264E0034F413 /* Release */,
			);
			defaultConfigurationIsVisible = 0;
			defaultConfigurationName = Release;
		};
		040D46D51C4A29520034F413 /* Build configuration list for PBXNativeTarget "*模拟成员变量" */ = {
			isa = XCConfigurationList;
			buildConfigurations = (
				040D46D61C4A29520034F413 /* Debug */,
				040D46D71C4A29520034F413 /* Release */,
			);
			defaultConfigurationIsVisible = 0;
			defaultConfigurationName = Release;
		};
		040D46E31C4A2BBF0034F413 /* Build configuration list for PBXNativeTarget "*单例(Singleton)模式" */ = {
			isa = XCConfigurationList;
			buildConfigurations = (
				040D46E41C4A2BBF0034F413 /* Debug */,
				040D46E51C4A2BBF0034F413 /* Release */,
			);
			defaultConfigurationIsVisible = 0;
			defaultConfigurationName = Release;
		};
		043A556B1C4A2F3E005BF3EC /* Build configuration list for PBXNativeTarget "封装" */ = {
			isa = XCConfigurationList;
			buildConfigurations = (
				043A556C1C4A2F3E005BF3EC /* Debug */,
				043A556D1C4A2F3E005BF3EC /* Release */,
			);
			defaultConfigurationIsVisible = 0;
			defaultConfigurationName = Release;
		};
		043A55791C4A3530005BF3EC /* Build configuration list for PBXNativeTarget "合成存取方法(setter getter)" */ = {
			isa = XCConfigurationList;
			buildConfigurations = (
				043A557A1C4A3530005BF3EC /* Debug */,
				043A557B1C4A3530005BF3EC /* Release */,
			);
			defaultConfigurationIsVisible = 0;
			defaultConfigurationName = Release;
		};
		043A55871C4A3BB0005BF3EC /* Build configuration list for PBXNativeTarget "@property可以添加的几个参数" */ = {
			isa = XCConfigurationList;
			buildConfigurations = (
				043A55881C4A3BB0005BF3EC /* Debug */,
				043A55891C4A3BB0005BF3EC /* Release */,
			);
			defaultConfigurationIsVisible = 0;
			defaultConfigurationName = Release;
		};
		043A55951C4A3F31005BF3EC /* Build configuration list for PBXNativeTarget "@peoperty中retain的使用" */ = {
			isa = XCConfigurationList;
			buildConfigurations = (
				043A55961C4A3F31005BF3EC /* Debug */,
				043A55971C4A3F31005BF3EC /* Release */,
			);
			defaultConfigurationIsVisible = 0;
			defaultConfigurationName = Release;
		};
		043A55A41C4A57D3005BF3EC /* Build configuration list for PBXNativeTarget "KVC和KVO的使用" */ = {
			isa = XCConfigurationList;
			buildConfigurations = (
				043A55A51C4A57D3005BF3EC /* Debug */,
				043A55A61C4A57D3005BF3EC /* Release */,
			);
			defaultConfigurationIsVisible = 0;
			defaultConfigurationName = Release;
		};
		043A55B51C4A6E91005BF3EC /* Build configuration list for PBXNativeTarget "KVO键值监听" */ = {
			isa = XCConfigurationList;
			buildConfigurations = (
				043A55B61C4A6E91005BF3EC /* Debug */,
				043A55B71C4A6E91005BF3EC /* Release */,
			);
			defaultConfigurationIsVisible = 0;
			defaultConfigurationName = Release;
		};
		044977D81C4B2FF30026C119 /* Build configuration list for PBXNativeTarget "initBasicClass" */ = {
			isa = XCConfigurationList;
			buildConfigurations = (
				044977D61C4B2FF30026C119 /* Debug */,
				044977D71C4B2FF30026C119 /* Release */,
			);
			defaultConfigurationIsVisible = 0;
		};
		04B55F321C4916BA004FEFE5 /* Build configuration list for PBXProject "面对对象-类和对象" */ = {
			isa = XCConfigurationList;
			buildConfigurations = (
				04B55F3C1C4916BA004FEFE5 /* Debug */,
				04B55F3D1C4916BA004FEFE5 /* Release */,
			);
			defaultConfigurationIsVisible = 0;
			defaultConfigurationName = Release;
		};
		04B55F3E1C4916BA004FEFE5 /* Build configuration list for PBXNativeTarget "面对对象-类和对象" */ = {
			isa = XCConfigurationList;
			buildConfigurations = (
				04B55F3F1C4916BA004FEFE5 /* Debug */,
				04B55F401C4916BA004FEFE5 /* Release */,
			);
			defaultConfigurationIsVisible = 0;
			defaultConfigurationName = Release;
		};
/* End XCConfigurationList section */
	};
	rootObject = 04B55F2F1C4916BA004FEFE5 /* Project object */;
}
